
Microsoft Visual Studio Solution File, Format Version 12.00
# Visual Studio 15
VisualStudioVersion = 15.0.28010.2041
MinimumVisualStudioVersion = 10.0.40219.1
Project("{FAE04EC0-301F-11D3-BF4B-00C04F79EFBC}") = "YeuAiNet.Common", "YeuAiNet.Common\YeuAiNet.Common.csproj", "{05B45183-D7D9-4F02-AA04-5F59E0CF1012}"
EndProject
Project("{FAE04EC0-301F-11D3-BF4B-00C04F79EFBC}") = "YeuAiNet.Google.TTS", "YeuAiNet.Google.TTS\YeuAiNet.Google.TTS.csproj", "{6BFCA95A-B648-4EF2-8261-79B2BF0AF322}"
EndProject
Project("{FAE04EC0-301F-11D3-BF4B-00C04F79EFBC}") = "YeuAiNet.Voice", "YeuAiNet.Voice\YeuAiNet.Voice.csproj", "{57DBDC1A-A2E7-452C-8A38-81B71D94AF30}"
EndProject
Global
	GlobalSection(SolutionConfigurationPlatforms) = preSolution
		Debug|Any CPU = Debug|Any CPU
		Release|Any CPU = Release|Any CPU
	EndGlobalSection
	GlobalSection(ProjectConfigurationPlatforms) = postSolution
		{05B45183-D7D9-4F02-AA04-5F59E0CF1012}.Debug|Any CPU.ActiveCfg = Debug|Any CPU
		{05B45183-D7D9-4F02-AA04-5F59E0CF1012}.Debug|Any CPU.Build.0 = Debug|Any CPU
		{05B45183-D7D9-4F02-AA04-5F59E0CF1012}.Release|Any CPU.ActiveCfg = Release|Any CPU
		{05B45183-D7D9-4F02-AA04-5F59E0CF1012}.Release|Any CPU.Build.0 = Release|Any CPU
		{6BFCA95A-B648-4EF2-8261-79B2BF0AF322}.Debug|Any CPU.ActiveCfg = Debug|Any CPU
		{6BFCA95A-B648-4EF2-8261-79B2BF0AF322}.Debug|Any CPU.Build.0 = Debug|Any CPU
		{6BFCA95A-B648-4EF2-8261-79B2BF0AF322}.Release|Any CPU.ActiveCfg = Release|Any CPU
		{6BFCA95A-B648-4EF2-8261-79B2BF0AF322}.Release|Any CPU.Build.0 = Release|Any CPU
		{57DBDC1A-A2E7-452C-8A38-81B71D94AF30}.Debug|Any CPU.ActiveCfg = Debug|Any CPU
		{57DBDC1A-A2E7-452C-8A38-81B71D94AF30}.Debug|Any CPU.Build.0 = Debug|Any CPU
		{57DBDC1A-A2E7-452C-8A38-81B71D94AF30}.Release|Any CPU.ActiveCfg = Release|Any CPU
		{57DBDC1A-A2E7-452C-8A38-81B71D94AF30}.Release|Any CPU.Build.0 = Release|Any CPU
	EndGlobalSection
	GlobalSection(SolutionProperties) = preSolution
		HideSolutionNode = FALSE
	EndGlobalSection
	GlobalSection(ExtensibilityGlobals) = postSolution
		SolutionGuid = {1F0700EA-567D-4B2C-A5DA-EF2FF8F7BE37}
	EndGlobalSection
EndGlobal
